
Microsoft Visual Studio Solution File, Format Version 12.00
# Visual Studio Version 16
VisualStudioVersion = 16.0.29911.84
MinimumVisualStudioVersion = 10.0.40219.1
Project("{9A19103F-16F7-4668-BE54-9A1E7A4F7556}") = "multiple accounts", "multiple accounts\multiple accounts.csproj", "{CC108CD4-D16E-4010-B4A1-075ED9602731}"
EndProject
Global
	GlobalSection(SolutionConfigurationPlatforms) = preSolution
		Debug|Any CPU = Debug|Any CPU
		Release|Any CPU = Release|Any CPU
	EndGlobalSection
	GlobalSection(ProjectConfigurationPlatforms) = postSolution
		{CC108CD4-D16E-4010-B4A1-075ED9602731}.Debug|Any CPU.ActiveCfg = Debug|Any CPU
		{CC108CD4-D16E-4010-B4A1-075ED9602731}.Debug|Any CPU.Build.0 = Debug|Any CPU
		{CC108CD4-D16E-4010-B4A1-075ED9602731}.Release|Any CPU.ActiveCfg = Release|Any CPU
		{CC108CD4-D16E-4010-B4A1-075ED9602731}.Release|Any CPU.Build.0 = Release|Any CPU
	EndGlobalSection
	GlobalSection(SolutionProperties) = preSolution
		HideSolutionNode = FALSE
	EndGlobalSection
	GlobalSection(ExtensibilityGlobals) = postSolution
		SolutionGuid = {3E39A355-7B0F-4684-9FB3-3269ED59EA6F}
	EndGlobalSection
EndGlobal
